
Microsoft Visual Studio Solution File, Format Version 12.00
# Visual Studio 15
VisualStudioVersion = 15.0.28307.1259
MinimumVisualStudioVersion = 10.0.40219.1
Project("{FAE04EC0-301F-11D3-BF4B-00C04F79EFBC}") = "2021013_d2_ApiTest", "2021013_d2_ApiTest\2021013_d2_ApiTest.csproj", "{C19EAB17-2FAA-4B21-AB41-63AB6D897A73}"
EndProject
Global
	GlobalSection(SolutionConfigurationPlatforms) = preSolution
		Debug|Any CPU = Debug|Any CPU
		Release|Any CPU = Release|Any CPU
	EndGlobalSection
	GlobalSection(ProjectConfigurationPlatforms) = postSolution
		{C19EAB17-2FAA-4B21-AB41-63AB6D897A73}.Debug|Any CPU.ActiveCfg = Debug|Any CPU
		{C19EAB17-2FAA-4B21-AB41-63AB6D897A73}.Debug|Any CPU.Build.0 = Debug|Any CPU
		{C19EAB17-2FAA-4B21-AB41-63AB6D897A73}.Release|Any CPU.ActiveCfg = Release|Any CPU
		{C19EAB17-2FAA-4B21-AB41-63AB6D897A73}.Release|Any CPU.Build.0 = Release|Any CPU
	EndGlobalSection
	GlobalSection(SolutionProperties) = preSolution
		HideSolutionNode = FALSE
	EndGlobalSection
	GlobalSection(ExtensibilityGlobals) = postSolution
		SolutionGuid = {B8FA593E-3778-4B83-AD9B-F5141D0430B0}
	EndGlobalSection
EndGlobal
