
Microsoft Visual Studio Solution File, Format Version 12.00
# Visual Studio 15
VisualStudioVersion = 15.0.28307.1259
MinimumVisualStudioVersion = 10.0.40219.1
Project("{FAE04EC0-301F-11D3-BF4B-00C04F79EFBC}") = "20210123_d1_WebApi", "20210123_d1_WebApi\20210123_d1_WebApi.csproj", "{CC942CBA-8549-4E77-B295-B150A6DFDA6C}"
EndProject
Global
	GlobalSection(SolutionConfigurationPlatforms) = preSolution
		Debug|Any CPU = Debug|Any CPU
		Release|Any CPU = Release|Any CPU
	EndGlobalSection
	GlobalSection(ProjectConfigurationPlatforms) = postSolution
		{CC942CBA-8549-4E77-B295-B150A6DFDA6C}.Debug|Any CPU.ActiveCfg = Debug|Any CPU
		{CC942CBA-8549-4E77-B295-B150A6DFDA6C}.Debug|Any CPU.Build.0 = Debug|Any CPU
		{CC942CBA-8549-4E77-B295-B150A6DFDA6C}.Release|Any CPU.ActiveCfg = Release|Any CPU
		{CC942CBA-8549-4E77-B295-B150A6DFDA6C}.Release|Any CPU.Build.0 = Release|Any CPU
	EndGlobalSection
	GlobalSection(SolutionProperties) = preSolution
		HideSolutionNode = FALSE
	EndGlobalSection
	GlobalSection(ExtensibilityGlobals) = postSolution
		SolutionGuid = {DCE1774E-B477-433A-87DF-1734F7551271}
	EndGlobalSection
EndGlobal
